
Microsoft Visual Studio Solution File, Format Version 12.00
# Visual Studio 14
VisualStudioVersion = 14.0.25123.0
MinimumVisualStudioVersion = 10.0.40219.1
Project("{5FAC91D2-40C4-497C-9E29-6F5ABAFCBE43}") = "Sitecore.Support.82835", "Sitecore.Support.82835\Sitecore.Support.82835.csproj", "{69149506-8273-4595-8B6E-6572988610A4}"
EndProject
Global
	GlobalSection(SolutionConfigurationPlatforms) = preSolution
		Debug|Any CPU = Debug|Any CPU
		Release|Any CPU = Release|Any CPU
	EndGlobalSection
	GlobalSection(ProjectConfigurationPlatforms) = postSolution
		{69149506-8273-4595-8B6E-6572988610A4}.Debug|Any CPU.ActiveCfg = Debug|Any CPU
		{69149506-8273-4595-8B6E-6572988610A4}.Debug|Any CPU.Build.0 = Debug|Any CPU
		{69149506-8273-4595-8B6E-6572988610A4}.Release|Any CPU.ActiveCfg = Release|Any CPU
		{69149506-8273-4595-8B6E-6572988610A4}.Release|Any CPU.Build.0 = Release|Any CPU
	EndGlobalSection
	GlobalSection(SolutionProperties) = preSolution
		HideSolutionNode = FALSE
	EndGlobalSection
EndGlobal
